
Microsoft Visual Studio Solution File, Format Version 12.00
# Visual Studio Version 17
VisualStudioVersion = 17.4.33205.214
MinimumVisualStudioVersion = 10.0.40219.1
Project("{9A19103F-16F7-4668-BE54-9A1E7A4F7556}") = "ApplicationMetrics.MetricLoggers.PostgreSql", "ApplicationMetrics.MetricLoggers.PostgreSql\ApplicationMetrics.MetricLoggers.PostgreSql.csproj", "{9342F328-68D7-4968-BB71-6EE120359725}"
EndProject
Project("{FAE04EC0-301F-11D3-BF4B-00C04F79EFBC}") = "ApplicationMetrics.MetricLoggers.PostgreSql.UnitTests", "ApplicationMetrics.MetricLoggers.PostgreSql.UnitTests\ApplicationMetrics.MetricLoggers.PostgreSql.UnitTests.csproj", "{2A0E0212-25F4-4A8F-AC14-361D3F23F008}"
EndProject
Global
	GlobalSection(SolutionConfigurationPlatforms) = preSolution
		Debug|Any CPU = Debug|Any CPU
		Release|Any CPU = Release|Any CPU
	EndGlobalSection
	GlobalSection(ProjectConfigurationPlatforms) = postSolution
		{9342F328-68D7-4968-BB71-6EE120359725}.Debug|Any CPU.ActiveCfg = Debug|Any CPU
		{9342F328-68D7-4968-BB71-6EE120359725}.Debug|Any CPU.Build.0 = Debug|Any CPU
		{9342F328-68D7-4968-BB71-6EE120359725}.Release|Any CPU.ActiveCfg = Release|Any CPU
		{9342F328-68D7-4968-BB71-6EE120359725}.Release|Any CPU.Build.0 = Release|Any CPU
		{2A0E0212-25F4-4A8F-AC14-361D3F23F008}.Debug|Any CPU.ActiveCfg = Debug|Any CPU
		{2A0E0212-25F4-4A8F-AC14-361D3F23F008}.Debug|Any CPU.Build.0 = Debug|Any CPU
		{2A0E0212-25F4-4A8F-AC14-361D3F23F008}.Release|Any CPU.ActiveCfg = Release|Any CPU
		{2A0E0212-25F4-4A8F-AC14-361D3F23F008}.Release|Any CPU.Build.0 = Release|Any CPU
	EndGlobalSection
	GlobalSection(SolutionProperties) = preSolution
		HideSolutionNode = FALSE
	EndGlobalSection
	GlobalSection(ExtensibilityGlobals) = postSolution
		SolutionGuid = {BA2EB262-B31F-4FB8-9CBE-D8A71760491C}
	EndGlobalSection
EndGlobal
